
Microsoft Visual Studio Solution File, Format Version 12.00
# Visual Studio Version 17
VisualStudioVersion = 17.0.31903.59
MinimumVisualStudioVersion = 10.0.40219.1
Project("{FAE04EC0-301F-11D3-BF4B-00C04F79EFBC}") = "NeuralNetworkLab.Core", "NeuralNetworkLab.Core\NeuralNetworkLab.Core.csproj", "{48B5A807-5E1D-4B5B-B72C-87E5545D8171}"
EndProject
Project("{FAE04EC0-301F-11D3-BF4B-00C04F79EFBC}") = "NeuralNetworkTrainerApp", "NeuralNetworkTrainerApp\NeuralNetworkTrainerApp.csproj", "{3C734D58-499E-458A-9B7C-8402A711B7E2}"
EndProject
Project("{FAE04EC0-301F-11D3-BF4B-00C04F79EFBC}") = "NeuralNetworkLab.Core.Tests", "NeuralNetworkLab.Core.Tests\NeuralNetworkLab.Core.Tests.csproj", "{83D9E92F-1849-4F34-8FCA-6DBEA4368E36}"
EndProject
Global
	GlobalSection(SolutionConfigurationPlatforms) = preSolution
		Debug|Any CPU = Debug|Any CPU
		Debug|x64 = Debug|x64
		Debug|x86 = Debug|x86
		Release|Any CPU = Release|Any CPU
		Release|x64 = Release|x64
		Release|x86 = Release|x86
	EndGlobalSection
	GlobalSection(ProjectConfigurationPlatforms) = postSolution
		{48B5A807-5E1D-4B5B-B72C-87E5545D8171}.Debug|Any CPU.ActiveCfg = Debug|Any CPU
		{48B5A807-5E1D-4B5B-B72C-87E5545D8171}.Debug|Any CPU.Build.0 = Debug|Any CPU
		{48B5A807-5E1D-4B5B-B72C-87E5545D8171}.Debug|x64.ActiveCfg = Debug|Any CPU
		{48B5A807-5E1D-4B5B-B72C-87E5545D8171}.Debug|x64.Build.0 = Debug|Any CPU
		{48B5A807-5E1D-4B5B-B72C-87E5545D8171}.Debug|x86.ActiveCfg = Debug|Any CPU
		{48B5A807-5E1D-4B5B-B72C-87E5545D8171}.Debug|x86.Build.0 = Debug|Any CPU
		{48B5A807-5E1D-4B5B-B72C-87E5545D8171}.Release|Any CPU.ActiveCfg = Release|Any CPU
		{48B5A807-5E1D-4B5B-B72C-87E5545D8171}.Release|Any CPU.Build.0 = Release|Any CPU
		{48B5A807-5E1D-4B5B-B72C-87E5545D8171}.Release|x64.ActiveCfg = Release|Any CPU
		{48B5A807-5E1D-4B5B-B72C-87E5545D8171}.Release|x64.Build.0 = Release|Any CPU
		{48B5A807-5E1D-4B5B-B72C-87E5545D8171}.Release|x86.ActiveCfg = Release|Any CPU
		{48B5A807-5E1D-4B5B-B72C-87E5545D8171}.Release|x86.Build.0 = Release|Any CPU
		{3C734D58-499E-458A-9B7C-8402A711B7E2}.Debug|Any CPU.ActiveCfg = Debug|Any CPU
		{3C734D58-499E-458A-9B7C-8402A711B7E2}.Debug|Any CPU.Build.0 = Debug|Any CPU
		{3C734D58-499E-458A-9B7C-8402A711B7E2}.Debug|x64.ActiveCfg = Debug|Any CPU
		{3C734D58-499E-458A-9B7C-8402A711B7E2}.Debug|x64.Build.0 = Debug|Any CPU
		{3C734D58-499E-458A-9B7C-8402A711B7E2}.Debug|x86.ActiveCfg = Debug|Any CPU
		{3C734D58-499E-458A-9B7C-8402A711B7E2}.Debug|x86.Build.0 = Debug|Any CPU
		{3C734D58-499E-458A-9B7C-8402A711B7E2}.Release|Any CPU.ActiveCfg = Release|Any CPU
		{3C734D58-499E-458A-9B7C-8402A711B7E2}.Release|Any CPU.Build.0 = Release|Any CPU
		{3C734D58-499E-458A-9B7C-8402A711B7E2}.Release|x64.ActiveCfg = Release|Any CPU
		{3C734D58-499E-458A-9B7C-8402A711B7E2}.Release|x64.Build.0 = Release|Any CPU
		{3C734D58-499E-458A-9B7C-8402A711B7E2}.Release|x86.ActiveCfg = Release|Any CPU
		{3C734D58-499E-458A-9B7C-8402A711B7E2}.Release|x86.Build.0 = Release|Any CPU
		{83D9E92F-1849-4F34-8FCA-6DBEA4368E36}.Debug|Any CPU.ActiveCfg = Debug|Any CPU
		{83D9E92F-1849-4F34-8FCA-6DBEA4368E36}.Debug|Any CPU.Build.0 = Debug|Any CPU
		{83D9E92F-1849-4F34-8FCA-6DBEA4368E36}.Debug|x64.ActiveCfg = Debug|Any CPU
		{83D9E92F-1849-4F34-8FCA-6DBEA4368E36}.Debug|x64.Build.0 = Debug|Any CPU
		{83D9E92F-1849-4F34-8FCA-6DBEA4368E36}.Debug|x86.ActiveCfg = Debug|Any CPU
		{83D9E92F-1849-4F34-8FCA-6DBEA4368E36}.Debug|x86.Build.0 = Debug|Any CPU
		{83D9E92F-1849-4F34-8FCA-6DBEA4368E36}.Release|Any CPU.ActiveCfg = Release|Any CPU
		{83D9E92F-1849-4F34-8FCA-6DBEA4368E36}.Release|Any CPU.Build.0 = Release|Any CPU
		{83D9E92F-1849-4F34-8FCA-6DBEA4368E36}.Release|x64.ActiveCfg = Release|Any CPU
		{83D9E92F-1849-4F34-8FCA-6DBEA4368E36}.Release|x64.Build.0 = Release|Any CPU
		{83D9E92F-1849-4F34-8FCA-6DBEA4368E36}.Release|x86.ActiveCfg = Release|Any CPU
		{83D9E92F-1849-4F34-8FCA-6DBEA4368E36}.Release|x86.Build.0 = Release|Any CPU
	EndGlobalSection
	GlobalSection(SolutionProperties) = preSolution
		HideSolutionNode = FALSE
	EndGlobalSection
EndGlobal
